
Microsoft Visual Studio Solution File, Format Version 12.00
Project("{FAE04EC0-301F-11D3-BF4B-00C04F79EFBC}") = "IJustWatched", "IJustWatched.csproj", "{AA713180-2DC4-4DBA-9C9C-BD86F1E69802}"
EndProject
Global
	GlobalSection(SolutionConfigurationPlatforms) = preSolution
		Debug|Any CPU = Debug|Any CPU
		Release|Any CPU = Release|Any CPU
	EndGlobalSection
	GlobalSection(ProjectConfigurationPlatforms) = postSolution
		{AA713180-2DC4-4DBA-9C9C-BD86F1E69802}.Debug|Any CPU.ActiveCfg = Debug|Any CPU
		{AA713180-2DC4-4DBA-9C9C-BD86F1E69802}.Debug|Any CPU.Build.0 = Debug|Any CPU
		{AA713180-2DC4-4DBA-9C9C-BD86F1E69802}.Release|Any CPU.ActiveCfg = Release|Any CPU
		{AA713180-2DC4-4DBA-9C9C-BD86F1E69802}.Release|Any CPU.Build.0 = Release|Any CPU
	EndGlobalSection
EndGlobal
